
Microsoft Visual Studio Solution File, Format Version 12.00
# Visual Studio Version 16
VisualStudioVersion = 16.0.31515.178
MinimumVisualStudioVersion = 10.0.40219.1
Project("{8BC9CEB8-8B4A-11D0-8D11-00A0C91BC942}") = "omp3", "omp3\omp3.vcxproj", "{1DFF575D-DC19-43F5-8D2E-455EB17BD78F}"
EndProject
Global
	GlobalSection(SolutionConfigurationPlatforms) = preSolution
		Debug|x64 = Debug|x64
		Debug|x86 = Debug|x86
		Release|x64 = Release|x64
		Release|x86 = Release|x86
	EndGlobalSection
	GlobalSection(ProjectConfigurationPlatforms) = postSolution
		{1DFF575D-DC19-43F5-8D2E-455EB17BD78F}.Debug|x64.ActiveCfg = Debug|x64
		{1DFF575D-DC19-43F5-8D2E-455EB17BD78F}.Debug|x64.Build.0 = Debug|x64
		{1DFF575D-DC19-43F5-8D2E-455EB17BD78F}.Debug|x86.ActiveCfg = Debug|Win32
		{1DFF575D-DC19-43F5-8D2E-455EB17BD78F}.Debug|x86.Build.0 = Debug|Win32
		{1DFF575D-DC19-43F5-8D2E-455EB17BD78F}.Release|x64.ActiveCfg = Release|x64
		{1DFF575D-DC19-43F5-8D2E-455EB17BD78F}.Release|x64.Build.0 = Release|x64
		{1DFF575D-DC19-43F5-8D2E-455EB17BD78F}.Release|x86.ActiveCfg = Release|Win32
		{1DFF575D-DC19-43F5-8D2E-455EB17BD78F}.Release|x86.Build.0 = Release|Win32
	EndGlobalSection
	GlobalSection(SolutionProperties) = preSolution
		HideSolutionNode = FALSE
	EndGlobalSection
	GlobalSection(ExtensibilityGlobals) = postSolution
		SolutionGuid = {821621D9-FCC4-40C1-948F-9BB4FEC32E2E}
	EndGlobalSection
EndGlobal
